
Microsoft Visual Studio Solution File, Format Version 12.00
# Visual Studio Version 17
VisualStudioVersion = 17.6.33815.320
MinimumVisualStudioVersion = 10.0.40219.1
Project("{9A19103F-16F7-4668-BE54-9A1E7A4F7556}") = "EcommerceWeb", "EcommerceTShoes\EcommerceWeb.csproj", "{E3972205-CC65-4D85-943D-9289A39AB1F0}"
EndProject
Project("{9A19103F-16F7-4668-BE54-9A1E7A4F7556}") = "EcommerceAPI", "EcommerceAPI\EcommerceAPI.csproj", "{94E04AA9-60AD-4A6E-A363-678FBD164098}"
EndProject
Project("{9A19103F-16F7-4668-BE54-9A1E7A4F7556}") = "IdentityServerAPI", "IdentityServer\IdentityServerAPI.csproj", "{8223FE7D-E2B8-4C67-9BEA-9D14B10C53F5}"
EndProject
Project("{FAE04EC0-301F-11D3-BF4B-00C04F79EFBC}") = "EcommerceCartAPI", "EcommerceCartAPI\EcommerceCartAPI.csproj", "{D04EBC8F-3585-492B-8932-D1FC16DD7878}"
EndProject
Global
	GlobalSection(SolutionConfigurationPlatforms) = preSolution
		Debug|Any CPU = Debug|Any CPU
		Release|Any CPU = Release|Any CPU
	EndGlobalSection
	GlobalSection(ProjectConfigurationPlatforms) = postSolution
		{E3972205-CC65-4D85-943D-9289A39AB1F0}.Debug|Any CPU.ActiveCfg = Debug|Any CPU
		{E3972205-CC65-4D85-943D-9289A39AB1F0}.Debug|Any CPU.Build.0 = Debug|Any CPU
		{E3972205-CC65-4D85-943D-9289A39AB1F0}.Release|Any CPU.ActiveCfg = Release|Any CPU
		{E3972205-CC65-4D85-943D-9289A39AB1F0}.Release|Any CPU.Build.0 = Release|Any CPU
		{94E04AA9-60AD-4A6E-A363-678FBD164098}.Debug|Any CPU.ActiveCfg = Debug|Any CPU
		{94E04AA9-60AD-4A6E-A363-678FBD164098}.Debug|Any CPU.Build.0 = Debug|Any CPU
		{94E04AA9-60AD-4A6E-A363-678FBD164098}.Release|Any CPU.ActiveCfg = Release|Any CPU
		{94E04AA9-60AD-4A6E-A363-678FBD164098}.Release|Any CPU.Build.0 = Release|Any CPU
		{8223FE7D-E2B8-4C67-9BEA-9D14B10C53F5}.Debug|Any CPU.ActiveCfg = Debug|Any CPU
		{8223FE7D-E2B8-4C67-9BEA-9D14B10C53F5}.Debug|Any CPU.Build.0 = Debug|Any CPU
		{8223FE7D-E2B8-4C67-9BEA-9D14B10C53F5}.Release|Any CPU.ActiveCfg = Release|Any CPU
		{8223FE7D-E2B8-4C67-9BEA-9D14B10C53F5}.Release|Any CPU.Build.0 = Release|Any CPU
		{D04EBC8F-3585-492B-8932-D1FC16DD7878}.Debug|Any CPU.ActiveCfg = Debug|Any CPU
		{D04EBC8F-3585-492B-8932-D1FC16DD7878}.Debug|Any CPU.Build.0 = Debug|Any CPU
		{D04EBC8F-3585-492B-8932-D1FC16DD7878}.Release|Any CPU.ActiveCfg = Release|Any CPU
		{D04EBC8F-3585-492B-8932-D1FC16DD7878}.Release|Any CPU.Build.0 = Release|Any CPU
	EndGlobalSection
	GlobalSection(SolutionProperties) = preSolution
		HideSolutionNode = FALSE
	EndGlobalSection
	GlobalSection(ExtensibilityGlobals) = postSolution
		SolutionGuid = {6494AD37-5923-4D15-9005-344DFE1032F0}
	EndGlobalSection
EndGlobal
