
Microsoft Visual Studio Solution File, Format Version 12.00
# Visual Studio Version 17
VisualStudioVersion = 17.6.33815.320
MinimumVisualStudioVersion = 10.0.40219.1
Project("{9A19103F-16F7-4668-BE54-9A1E7A4F7556}") = "EcommerceWeb", "EcommerceTShoes\EcommerceWeb.csproj", "{E3972205-CC65-4D85-943D-9289A39AB1F0}"
EndProject
Project("{9A19103F-16F7-4668-BE54-9A1E7A4F7556}") = "IdentityServerAPI", "IdentityServer\IdentityServerAPI.csproj", "{8223FE7D-E2B8-4C67-9BEA-9D14B10C53F5}"
EndProject
Project("{9A19103F-16F7-4668-BE54-9A1E7A4F7556}") = "EcommerceCartAPI", "EcommerceCartAPI\EcommerceCartAPI.csproj", "{D04EBC8F-3585-492B-8932-D1FC16DD7878}"
EndProject
Project("{9A19103F-16F7-4668-BE54-9A1E7A4F7556}") = "EcommerceProductAPI", "EcommerceProductAPI\EcommerceProductAPI.csproj", "{47D19DED-1CF4-4681-8DAA-CFC3BABA84F9}"
EndProject
Project("{2150E333-8FDC-42A3-9474-1A3956D46DE8}") = "Services", "Services", "{92031A85-7772-4C16-B3D9-03D3304E8195}"
EndProject
Project("{2150E333-8FDC-42A3-9474-1A3956D46DE8}") = "Front End", "Front End", "{4BE97CA9-A695-4784-B820-43CCFEEF19B3}"
EndProject
Project("{9A19103F-16F7-4668-BE54-9A1E7A4F7556}") = "EcommerceOrderAPI", "EcommerceOrderAPI\EcommerceOrderAPI.csproj", "{BC5140C2-4FD3-4A46-8D2D-21DB60441F67}"
EndProject
Project("{2150E333-8FDC-42A3-9474-1A3956D46DE8}") = "Integration", "Integration", "{F5520021-481E-4C2C-82B3-AC12002B2C82}"
EndProject
Project("{9A19103F-16F7-4668-BE54-9A1E7A4F7556}") = "MessageBus", "MessageBus\MessageBus.csproj", "{E7CE4537-5FBD-4C88-8447-4CEDACD9CC3E}"
EndProject
Project("{9A19103F-16F7-4668-BE54-9A1E7A4F7556}") = "EcommercePaymentAPI", "EcommercePaymentAPI\EcommercePaymentAPI.csproj", "{DEC6BBBC-C2DA-4562-9C4F-B842A7D9A258}"
EndProject
Project("{2150E333-8FDC-42A3-9474-1A3956D46DE8}") = "Payments", "Payments", "{D5D7A813-633E-4B87-8F12-0493F15E5B12}"
EndProject
Project("{9A19103F-16F7-4668-BE54-9A1E7A4F7556}") = "EcommercePaymentProcessor", "EcommercePaymentProcessor\EcommercePaymentProcessor.csproj", "{4C649A00-7C98-4589-ADC6-DB6A53E38286}"
EndProject
Project("{2150E333-8FDC-42A3-9474-1A3956D46DE8}") = "Gateway", "Gateway", "{3A4B7433-6928-4E15-97DD-ADE1CC895664}"
EndProject
Project("{FAE04EC0-301F-11D3-BF4B-00C04F79EFBC}") = "Ecommerce.APIGateway", "Ecommerce.APIGateway\Ecommerce.APIGateway.csproj", "{3A46FC7D-275C-46AF-A961-2E1189A6288E}"
EndProject
Global
	GlobalSection(SolutionConfigurationPlatforms) = preSolution
		Debug|Any CPU = Debug|Any CPU
		Release|Any CPU = Release|Any CPU
	EndGlobalSection
	GlobalSection(ProjectConfigurationPlatforms) = postSolution
		{E3972205-CC65-4D85-943D-9289A39AB1F0}.Debug|Any CPU.ActiveCfg = Debug|Any CPU
		{E3972205-CC65-4D85-943D-9289A39AB1F0}.Debug|Any CPU.Build.0 = Debug|Any CPU
		{E3972205-CC65-4D85-943D-9289A39AB1F0}.Release|Any CPU.ActiveCfg = Release|Any CPU
		{E3972205-CC65-4D85-943D-9289A39AB1F0}.Release|Any CPU.Build.0 = Release|Any CPU
		{8223FE7D-E2B8-4C67-9BEA-9D14B10C53F5}.Debug|Any CPU.ActiveCfg = Debug|Any CPU
		{8223FE7D-E2B8-4C67-9BEA-9D14B10C53F5}.Debug|Any CPU.Build.0 = Debug|Any CPU
		{8223FE7D-E2B8-4C67-9BEA-9D14B10C53F5}.Release|Any CPU.ActiveCfg = Release|Any CPU
		{8223FE7D-E2B8-4C67-9BEA-9D14B10C53F5}.Release|Any CPU.Build.0 = Release|Any CPU
		{D04EBC8F-3585-492B-8932-D1FC16DD7878}.Debug|Any CPU.ActiveCfg = Debug|Any CPU
		{D04EBC8F-3585-492B-8932-D1FC16DD7878}.Debug|Any CPU.Build.0 = Debug|Any CPU
		{D04EBC8F-3585-492B-8932-D1FC16DD7878}.Release|Any CPU.ActiveCfg = Release|Any CPU
		{D04EBC8F-3585-492B-8932-D1FC16DD7878}.Release|Any CPU.Build.0 = Release|Any CPU
		{47D19DED-1CF4-4681-8DAA-CFC3BABA84F9}.Debug|Any CPU.ActiveCfg = Debug|Any CPU
		{47D19DED-1CF4-4681-8DAA-CFC3BABA84F9}.Debug|Any CPU.Build.0 = Debug|Any CPU
		{47D19DED-1CF4-4681-8DAA-CFC3BABA84F9}.Release|Any CPU.ActiveCfg = Release|Any CPU
		{47D19DED-1CF4-4681-8DAA-CFC3BABA84F9}.Release|Any CPU.Build.0 = Release|Any CPU
		{BC5140C2-4FD3-4A46-8D2D-21DB60441F67}.Debug|Any CPU.ActiveCfg = Debug|Any CPU
		{BC5140C2-4FD3-4A46-8D2D-21DB60441F67}.Debug|Any CPU.Build.0 = Debug|Any CPU
		{BC5140C2-4FD3-4A46-8D2D-21DB60441F67}.Release|Any CPU.ActiveCfg = Release|Any CPU
		{BC5140C2-4FD3-4A46-8D2D-21DB60441F67}.Release|Any CPU.Build.0 = Release|Any CPU
		{E7CE4537-5FBD-4C88-8447-4CEDACD9CC3E}.Debug|Any CPU.ActiveCfg = Debug|Any CPU
		{E7CE4537-5FBD-4C88-8447-4CEDACD9CC3E}.Debug|Any CPU.Build.0 = Debug|Any CPU
		{E7CE4537-5FBD-4C88-8447-4CEDACD9CC3E}.Release|Any CPU.ActiveCfg = Release|Any CPU
		{E7CE4537-5FBD-4C88-8447-4CEDACD9CC3E}.Release|Any CPU.Build.0 = Release|Any CPU
		{DEC6BBBC-C2DA-4562-9C4F-B842A7D9A258}.Debug|Any CPU.ActiveCfg = Debug|Any CPU
		{DEC6BBBC-C2DA-4562-9C4F-B842A7D9A258}.Debug|Any CPU.Build.0 = Debug|Any CPU
		{DEC6BBBC-C2DA-4562-9C4F-B842A7D9A258}.Release|Any CPU.ActiveCfg = Release|Any CPU
		{DEC6BBBC-C2DA-4562-9C4F-B842A7D9A258}.Release|Any CPU.Build.0 = Release|Any CPU
		{4C649A00-7C98-4589-ADC6-DB6A53E38286}.Debug|Any CPU.ActiveCfg = Debug|Any CPU
		{4C649A00-7C98-4589-ADC6-DB6A53E38286}.Debug|Any CPU.Build.0 = Debug|Any CPU
		{4C649A00-7C98-4589-ADC6-DB6A53E38286}.Release|Any CPU.ActiveCfg = Release|Any CPU
		{4C649A00-7C98-4589-ADC6-DB6A53E38286}.Release|Any CPU.Build.0 = Release|Any CPU
		{3A46FC7D-275C-46AF-A961-2E1189A6288E}.Debug|Any CPU.ActiveCfg = Debug|Any CPU
		{3A46FC7D-275C-46AF-A961-2E1189A6288E}.Debug|Any CPU.Build.0 = Debug|Any CPU
		{3A46FC7D-275C-46AF-A961-2E1189A6288E}.Release|Any CPU.ActiveCfg = Release|Any CPU
		{3A46FC7D-275C-46AF-A961-2E1189A6288E}.Release|Any CPU.Build.0 = Release|Any CPU
	EndGlobalSection
	GlobalSection(SolutionProperties) = preSolution
		HideSolutionNode = FALSE
	EndGlobalSection
	GlobalSection(NestedProjects) = preSolution
		{E3972205-CC65-4D85-943D-9289A39AB1F0} = {4BE97CA9-A695-4784-B820-43CCFEEF19B3}
		{8223FE7D-E2B8-4C67-9BEA-9D14B10C53F5} = {92031A85-7772-4C16-B3D9-03D3304E8195}
		{D04EBC8F-3585-492B-8932-D1FC16DD7878} = {92031A85-7772-4C16-B3D9-03D3304E8195}
		{47D19DED-1CF4-4681-8DAA-CFC3BABA84F9} = {92031A85-7772-4C16-B3D9-03D3304E8195}
		{BC5140C2-4FD3-4A46-8D2D-21DB60441F67} = {92031A85-7772-4C16-B3D9-03D3304E8195}
		{E7CE4537-5FBD-4C88-8447-4CEDACD9CC3E} = {F5520021-481E-4C2C-82B3-AC12002B2C82}
		{DEC6BBBC-C2DA-4562-9C4F-B842A7D9A258} = {92031A85-7772-4C16-B3D9-03D3304E8195}
		{4C649A00-7C98-4589-ADC6-DB6A53E38286} = {D5D7A813-633E-4B87-8F12-0493F15E5B12}
		{3A46FC7D-275C-46AF-A961-2E1189A6288E} = {3A4B7433-6928-4E15-97DD-ADE1CC895664}
	EndGlobalSection
	GlobalSection(ExtensibilityGlobals) = postSolution
		SolutionGuid = {6494AD37-5923-4D15-9005-344DFE1032F0}
	EndGlobalSection
EndGlobal
